
Microsoft Visual Studio Solution File, Format Version 12.00
# Visual Studio 15
Project("{FAE04EC0-301F-11D3-BF4B-00C04F79EFBC}") = "Assembly-CSharp", "Assembly-CSharp.csproj", "{CFD650C5-9956-30D7-4685-65B4674B6ADC}"
EndProject
Project("{FAE04EC0-301F-11D3-BF4B-00C04F79EFBC}") = "NavMeshComponents", "NavMeshComponents.csproj", "{4A4D01D4-3109-C6FF-7167-0B581E92A89F}"
EndProject
Project("{FAE04EC0-301F-11D3-BF4B-00C04F79EFBC}") = "NavMeshComponentsEditor", "NavMeshComponentsEditor.csproj", "{5026A0D5-FDA0-0E3B-D297-60B0AD87E2F7}"
EndProject
Global
	GlobalSection(SolutionConfigurationPlatforms) = preSolution
		Debug|Any CPU = Debug|Any CPU
		Release|Any CPU = Release|Any CPU
	EndGlobalSection
	GlobalSection(ProjectConfigurationPlatforms) = postSolution
		{CFD650C5-9956-30D7-4685-65B4674B6ADC}.Debug|Any CPU.ActiveCfg = Debug|Any CPU
		{CFD650C5-9956-30D7-4685-65B4674B6ADC}.Debug|Any CPU.Build.0 = Debug|Any CPU
		{CFD650C5-9956-30D7-4685-65B4674B6ADC}.Release|Any CPU.ActiveCfg = Release|Any CPU
		{CFD650C5-9956-30D7-4685-65B4674B6ADC}.Release|Any CPU.Build.0 = Release|Any CPU
		{4A4D01D4-3109-C6FF-7167-0B581E92A89F}.Debug|Any CPU.ActiveCfg = Debug|Any CPU
		{4A4D01D4-3109-C6FF-7167-0B581E92A89F}.Debug|Any CPU.Build.0 = Debug|Any CPU
		{4A4D01D4-3109-C6FF-7167-0B581E92A89F}.Release|Any CPU.ActiveCfg = Release|Any CPU
		{4A4D01D4-3109-C6FF-7167-0B581E92A89F}.Release|Any CPU.Build.0 = Release|Any CPU
		{5026A0D5-FDA0-0E3B-D297-60B0AD87E2F7}.Debug|Any CPU.ActiveCfg = Debug|Any CPU
		{5026A0D5-FDA0-0E3B-D297-60B0AD87E2F7}.Debug|Any CPU.Build.0 = Debug|Any CPU
		{5026A0D5-FDA0-0E3B-D297-60B0AD87E2F7}.Release|Any CPU.ActiveCfg = Release|Any CPU
		{5026A0D5-FDA0-0E3B-D297-60B0AD87E2F7}.Release|Any CPU.Build.0 = Release|Any CPU
	EndGlobalSection
	GlobalSection(SolutionProperties) = preSolution
		HideSolutionNode = FALSE
	EndGlobalSection
EndGlobal
